
Microsoft Visual Studio Solution File, Format Version 12.00
# Visual Studio Version 17
VisualStudioVersion = 17.10.35013.160
MinimumVisualStudioVersion = 10.0.40219.1
Project("{FAE04EC0-301F-11D3-BF4B-00C04F79EFBC}") = "TLDJam5", "TLDJam5\TLDJam5.csproj", "{D108A174-87B2-4CBB-8946-5927D4AEB626}"
EndProject
Global
	GlobalSection(SolutionConfigurationPlatforms) = preSolution
		Debug|Any CPU = Debug|Any CPU
		Release|Any CPU = Release|Any CPU
	EndGlobalSection
	GlobalSection(ProjectConfigurationPlatforms) = postSolution
		{D108A174-87B2-4CBB-8946-5927D4AEB626}.Debug|Any CPU.ActiveCfg = Debug|Any CPU
		{D108A174-87B2-4CBB-8946-5927D4AEB626}.Debug|Any CPU.Build.0 = Debug|Any CPU
		{D108A174-87B2-4CBB-8946-5927D4AEB626}.Release|Any CPU.ActiveCfg = Release|Any CPU
		{D108A174-87B2-4CBB-8946-5927D4AEB626}.Release|Any CPU.Build.0 = Release|Any CPU
	EndGlobalSection
	GlobalSection(SolutionProperties) = preSolution
		HideSolutionNode = FALSE
	EndGlobalSection
	GlobalSection(ExtensibilityGlobals) = postSolution
		SolutionGuid = {904F2A3E-150F-4612-8F84-0A7725407213}
	EndGlobalSection
EndGlobal
